<?xml version="1.0" encoding="utf-8"?>
<Project ToolsVersion="4.0" xmlns="http://schemas.microsoft.com/developer/msbuild/2003">
  <ItemGroup>
    <Filter Include="Исходные файлы">
      <UniqueIdentifier>{4FC737F1-C7A5-4376-A066-2A32D752A2FF}</UniqueIdentifier>
      <Extensions>cpp;c;cc;cxx;c++;cppm;ixx;def;odl;idl;hpj;bat;asm;asmx</Extensions>
    </Filter>
    <Filter Include="Файлы заголовков">
      <UniqueIdentifier>{93995380-89BD-4b04-88EB-625FBE52EBFB}</UniqueIdentifier>
      <Extensions>h;hh;hpp;hxx;h++;hm;inl;inc;ipp;xsd</Extensions>
    </Filter>
    <Filter Include="Файлы ресурсов">
      <UniqueIdentifier>{67DA6AB6-F800-4c08-8B7A-83BB121AAD01}</UniqueIdentifier>
      <Extensions>rc;ico;cur;bmp;dlg;rc2;rct;bin;rgs;gif;jpg;jpeg;jpe;resx;tiff;tif;png;wav;mfcribbon-ms</Extensions>
    </Filter>
    <Filter Include="Исходные файлы\MenuStates">
      <UniqueIdentifier>{b8683ff2-6c90-444f-994b-250a7c26a825}</UniqueIdentifier>
    </Filter>
    <Filter Include="Файлы заголовков\MenuStates">
      <UniqueIdentifier>{c1578bd4-c978-4b70-8c1d-1b90330e37c3}</UniqueIdentifier>
    </Filter>
    <Filter Include="Файлы заголовков\Interfaces">
      <UniqueIdentifier>{d5ffaef4-2d70-46cf-842d-9dafd157bb91}</UniqueIdentifier>
    </Filter>
    <Filter Include="Исходные файлы\Interfaces">
      <UniqueIdentifier>{02e12dd8-ad4e-4d43-8b29-87e5c557e7d1}</UniqueIdentifier>
    </Filter>
    <Filter Include="Файлы заголовков\BinaryReaders">
      <UniqueIdentifier>{d3fa9f49-f6cd-4b99-94b4-ed53f3a1037c}</UniqueIdentifier>
    </Filter>
    <Filter Include="Исходные файлы\BinaryReaders">
      <UniqueIdentifier>{b9f473c8-ae88-42aa-9ee3-8da4e145187e}</UniqueIdentifier>
    </Filter>
    <Filter Include="Файлы заголовков\BinaryWriters">
      <UniqueIdentifier>{220713ab-ecf2-4b0e-b7e0-fd57acb52f8d}</UniqueIdentifier>
    </Filter>
    <Filter Include="Исходные файлы\BinaryWriters">
      <UniqueIdentifier>{957f11ec-2121-4fca-817e-466bf588b39a}</UniqueIdentifier>
    </Filter>
    <Filter Include="Файлы заголовков\Tables">
      <UniqueIdentifier>{30ec0390-2026-4d85-a3ea-a50302077f95}</UniqueIdentifier>
    </Filter>
    <Filter Include="Исходные файлы\Tables">
      <UniqueIdentifier>{0aa262f0-1dde-4b64-9aa0-bb1a7e6a1090}</UniqueIdentifier>
    </Filter>
    <Filter Include="Файлы заголовков\TablePrinters">
      <UniqueIdentifier>{99357e37-74ab-421f-b833-4a316ae24c48}</UniqueIdentifier>
    </Filter>
    <Filter Include="Исходные файлы\TablePrinters">
      <UniqueIdentifier>{37491c0b-6ba1-44f3-b318-f61ed070c0a9}</UniqueIdentifier>
    </Filter>
  </ItemGroup>
  <ItemGroup>
    <ClCompile Include="main.cpp">
      <Filter>Исходные файлы</Filter>
    </ClCompile>
    <ClCompile Include="Effect.cpp">
      <Filter>Исходные файлы</Filter>
    </ClCompile>
    <ClCompile Include="Ingredient.cpp">
      <Filter>Исходные файлы</Filter>
    </ClCompile>
    <ClCompile Include="IngredientBuilder.cpp">
      <Filter>Исходные файлы</Filter>
    </ClCompile>
    <ClCompile Include="IngredientDirector.cpp">
      <Filter>Исходные файлы</Filter>
    </ClCompile>
    <ClCompile Include="Alchemist.cpp">
      <Filter>Исходные файлы</Filter>
    </ClCompile>
    <ClCompile Include="AlchemyLogic.cpp">
      <Filter>Исходные файлы</Filter>
    </ClCompile>
    <ClCompile Include="Menu.cpp">
      <Filter>Исходные файлы</Filter>
    </ClCompile>
    <ClCompile Include="Formatting.cpp">
      <Filter>Исходные файлы</Filter>
    </ClCompile>
    <ClCompile Include="KeyBoard.cpp">
      <Filter>Исходные файлы</Filter>
    </ClCompile>
    <ClCompile Include="EffectBuilder.cpp">
      <Filter>Исходные файлы</Filter>
    </ClCompile>
    <ClCompile Include="EffectsTableBuilder.cpp">
      <Filter>Исходные файлы</Filter>
    </ClCompile>
    <ClCompile Include="ServiceFunctions.cpp">
      <Filter>Исходные файлы</Filter>
    </ClCompile>
    <ClCompile Include="AlchemyLogicBuilder.cpp">
      <Filter>Исходные файлы</Filter>
    </ClCompile>
    <ClCompile Include="IngredientsTableBuilder.cpp">
      <Filter>Исходные файлы</Filter>
    </ClCompile>
    <ClCompile Include="AlchemyTableBuilder.cpp">
      <Filter>Исходные файлы</Filter>
    </ClCompile>
    <ClCompile Include="Builder.cpp">
      <Filter>Исходные файлы</Filter>
    </ClCompile>
    <ClCompile Include="MainMenuState.cpp">
      <Filter>Исходные файлы</Filter>
    </ClCompile>
    <ClCompile Include="InstructionsMenuState.cpp">
      <Filter>Исходные файлы</Filter>
    </ClCompile>
    <ClCompile Include="IObserver.cpp">
      <Filter>Исходные файлы</Filter>
    </ClCompile>
    <ClCompile Include="IObservable.cpp">
      <Filter>Исходные файлы</Filter>
    </ClCompile>
    <ClCompile Include="Potion.cpp">
      <Filter>Исходные файлы</Filter>
    </ClCompile>
    <ClCompile Include="PotionBuilder.cpp">
      <Filter>Исходные файлы</Filter>
    </ClCompile>
    <ClCompile Include="IngredientsTableBinaryReader.cpp">
      <Filter>Исходные файлы</Filter>
    </ClCompile>
    <ClCompile Include="MenuState.cpp">
      <Filter>Исходные файлы\MenuStates</Filter>
    </ClCompile>
    <ClCompile Include="AlchemicalMenuState.cpp">
      <Filter>Исходные файлы\MenuStates</Filter>
    </ClCompile>
    <ClCompile Include="BuyingIngredientsFromListMenuState.cpp">
      <Filter>Исходные файлы\MenuStates</Filter>
    </ClCompile>
    <ClCompile Include="BuyingIngredientsMenuState.cpp">
      <Filter>Исходные файлы\MenuStates</Filter>
    </ClCompile>
    <ClCompile Include="BuyNewIngredientsMenuState.cpp">
      <Filter>Исходные файлы\MenuStates</Filter>
    </ClCompile>
    <ClCompile Include="CreatingPotionsMenuState.cpp">
      <Filter>Исходные файлы\MenuStates</Filter>
    </ClCompile>
    <ClCompile Include="EatingIngredientsMenuState.cpp">
      <Filter>Исходные файлы\MenuStates</Filter>
    </ClCompile>
    <ClCompile Include="ReturnMenuState.cpp">
      <Filter>Исходные файлы\MenuStates</Filter>
    </ClCompile>
    <ClCompile Include="SellingIngredientsMenuState.cpp">
      <Filter>Исходные файлы\MenuStates</Filter>
    </ClCompile>
    <ClCompile Include="SellingPotionsMenuState.cpp">
      <Filter>Исходные файлы\MenuStates</Filter>
    </ClCompile>
    <ClCompile Include="WorkWithTablesMenuState.cpp">
      <Filter>Исходные файлы\MenuStates</Filter>
    </ClCompile>
    <ClCompile Include="WorkWithIngredientTableMenuState.cpp">
      <Filter>Исходные файлы\MenuStates</Filter>
    </ClCompile>
    <ClCompile Include="WorkWithUsersInfredientTableMenuState.cpp">
      <Filter>Исходные файлы\MenuStates</Filter>
    </ClCompile>
    <ClCompile Include="WorkWithPotionTableMenuState.cpp">
      <Filter>Исходные файлы\MenuStates</Filter>
    </ClCompile>
    <ClCompile Include="UserInterface.cpp">
      <Filter>Исходные файлы\Interfaces</Filter>
    </ClCompile>
    <ClCompile Include="AlchemicalUserInterface.cpp">
      <Filter>Исходные файлы\Interfaces</Filter>
    </ClCompile>
    <ClCompile Include="BinaryReader.cpp">
      <Filter>Исходные файлы\BinaryReaders</Filter>
    </ClCompile>
    <ClCompile Include="AlchemistBinaryReader.cpp">
      <Filter>Исходные файлы\BinaryReaders</Filter>
    </ClCompile>
    <ClCompile Include="AlchemyLogicReader.cpp">
      <Filter>Исходные файлы\BinaryReaders</Filter>
    </ClCompile>
    <ClCompile Include="EffectBinaryReader.cpp">
      <Filter>Исходные файлы\BinaryReaders</Filter>
    </ClCompile>
    <ClCompile Include="EffectsTableBinaryReader.cpp">
      <Filter>Исходные файлы\BinaryReaders</Filter>
    </ClCompile>
    <ClCompile Include="IngredientBinaryReader.cpp">
      <Filter>Исходные файлы\BinaryReaders</Filter>
    </ClCompile>
    <ClCompile Include="PotionBinaryReader.cpp">
      <Filter>Исходные файлы\BinaryReaders</Filter>
    </ClCompile>
    <ClCompile Include="PotionTableBinaryReader.cpp">
      <Filter>Исходные файлы\BinaryReaders</Filter>
    </ClCompile>
    <ClCompile Include="BinaryWriter.cpp">
      <Filter>Исходные файлы\BinaryWriters</Filter>
    </ClCompile>
    <ClCompile Include="AlchemistBinaryWriter.cpp">
      <Filter>Исходные файлы\BinaryWriters</Filter>
    </ClCompile>
    <ClCompile Include="AlchemyLogicWriter.cpp">
      <Filter>Исходные файлы\BinaryWriters</Filter>
    </ClCompile>
    <ClCompile Include="EffectBinaryWriter.cpp">
      <Filter>Исходные файлы\BinaryWriters</Filter>
    </ClCompile>
    <ClCompile Include="EffectsTableBinaryWriter.cpp">
      <Filter>Исходные файлы\BinaryWriters</Filter>
    </ClCompile>
    <ClCompile Include="IngredientBinaryWriter.cpp">
      <Filter>Исходные файлы\BinaryWriters</Filter>
    </ClCompile>
    <ClCompile Include="IngredientsTableBinaryWriter.cpp">
      <Filter>Исходные файлы\BinaryWriters</Filter>
    </ClCompile>
    <ClCompile Include="PotionBinaryWriter.cpp">
      <Filter>Исходные файлы\BinaryWriters</Filter>
    </ClCompile>
    <ClCompile Include="PotionTableBinaryWriter.cpp">
      <Filter>Исходные файлы\BinaryWriters</Filter>
    </ClCompile>
    <ClCompile Include="Table.cpp">
      <Filter>Исходные файлы\Tables</Filter>
    </ClCompile>
    <ClCompile Include="EffectsTable.cpp">
      <Filter>Исходные файлы\Tables</Filter>
    </ClCompile>
    <ClCompile Include="IngredientsTable.cpp">
      <Filter>Исходные файлы\Tables</Filter>
    </ClCompile>
    <ClCompile Include="PotionTable.cpp">
      <Filter>Исходные файлы\Tables</Filter>
    </ClCompile>
    <ClCompile Include="TablePrinter.cpp">
      <Filter>Исходные файлы\TablePrinters</Filter>
    </ClCompile>
    <ClCompile Include="IngredientsTablePrinter.cpp">
      <Filter>Исходные файлы\TablePrinters</Filter>
    </ClCompile>
    <ClCompile Include="PotionTablePrinter.cpp">
      <Filter>Исходные файлы\TablePrinters</Filter>
    </ClCompile>
  </ItemGroup>
  <ItemGroup>
    <ClInclude Include="Effect.h">
      <Filter>Файлы заголовков</Filter>
    </ClInclude>
    <ClInclude Include="Ingredient.h">
      <Filter>Файлы заголовков</Filter>
    </ClInclude>
    <ClInclude Include="IngredientBuilder.h">
      <Filter>Файлы заголовков</Filter>
    </ClInclude>
    <ClInclude Include="IngredientDirector.h">
      <Filter>Файлы заголовков</Filter>
    </ClInclude>
    <ClInclude Include="Alchemist.h">
      <Filter>Файлы заголовков</Filter>
    </ClInclude>
    <ClInclude Include="AlchemyLogic.h">
      <Filter>Файлы заголовков</Filter>
    </ClInclude>
    <ClInclude Include="Menu.h">
      <Filter>Файлы заголовков</Filter>
    </ClInclude>
    <ClInclude Include="Formatting.h">
      <Filter>Файлы заголовков</Filter>
    </ClInclude>
    <ClInclude Include="KeyBoard.h">
      <Filter>Файлы заголовков</Filter>
    </ClInclude>
    <ClInclude Include="EffectBuilder.h">
      <Filter>Файлы заголовков</Filter>
    </ClInclude>
    <ClInclude Include="EffectsTableBuilder.h">
      <Filter>Файлы заголовков</Filter>
    </ClInclude>
    <ClInclude Include="ServiceFunctions.h">
      <Filter>Файлы заголовков</Filter>
    </ClInclude>
    <ClInclude Include="AlchemyLogicBuilder.h">
      <Filter>Файлы заголовков</Filter>
    </ClInclude>
    <ClInclude Include="IngredientsTableBuilder.h">
      <Filter>Файлы заголовков</Filter>
    </ClInclude>
    <ClInclude Include="AlchemyTableBuilder.h">
      <Filter>Файлы заголовков</Filter>
    </ClInclude>
    <ClInclude Include="Builder.h">
      <Filter>Файлы заголовков</Filter>
    </ClInclude>
    <ClInclude Include="MainMenuState.h">
      <Filter>Файлы заголовков</Filter>
    </ClInclude>
    <ClInclude Include="IObserver.h">
      <Filter>Файлы заголовков</Filter>
    </ClInclude>
    <ClInclude Include="IObservable.h">
      <Filter>Файлы заголовков</Filter>
    </ClInclude>
    <ClInclude Include="Potion.h">
      <Filter>Файлы заголовков</Filter>
    </ClInclude>
    <ClInclude Include="PotionBuilder.h">
      <Filter>Файлы заголовков</Filter>
    </ClInclude>
    <ClInclude Include="MenuState.h">
      <Filter>Файлы заголовков\MenuStates</Filter>
    </ClInclude>
    <ClInclude Include="AlchemicalMenuState.h">
      <Filter>Файлы заголовков\MenuStates</Filter>
    </ClInclude>
    <ClInclude Include="BuyingIngredientsFromListMenuState.h">
      <Filter>Файлы заголовков\MenuStates</Filter>
    </ClInclude>
    <ClInclude Include="BuyingIngredientsMenuState.h">
      <Filter>Файлы заголовков\MenuStates</Filter>
    </ClInclude>
    <ClInclude Include="BuyNewIngredientsMenuState.h">
      <Filter>Файлы заголовков\MenuStates</Filter>
    </ClInclude>
    <ClInclude Include="CreatingPotionsMenuState.h">
      <Filter>Файлы заголовков\MenuStates</Filter>
    </ClInclude>
    <ClInclude Include="EatingIngredientsMenuState.h">
      <Filter>Файлы заголовков\MenuStates</Filter>
    </ClInclude>
    <ClInclude Include="InstructionsMenuState.h">
      <Filter>Файлы заголовков\MenuStates</Filter>
    </ClInclude>
    <ClInclude Include="ReturnMenuState.h">
      <Filter>Файлы заголовков\MenuStates</Filter>
    </ClInclude>
    <ClInclude Include="SellingIngredientsMenuState.h">
      <Filter>Файлы заголовков\MenuStates</Filter>
    </ClInclude>
    <ClInclude Include="SellingPotionsMenuState.h">
      <Filter>Файлы заголовков\MenuStates</Filter>
    </ClInclude>
    <ClInclude Include="WorkWithTablesMenuState.h">
      <Filter>Файлы заголовков\MenuStates</Filter>
    </ClInclude>
    <ClInclude Include="WorkWithIngredientTableMenuState.h">
      <Filter>Файлы заголовков\MenuStates</Filter>
    </ClInclude>
    <ClInclude Include="WorkWithUsersInfredientTableMenuState.h">
      <Filter>Файлы заголовков\MenuStates</Filter>
    </ClInclude>
    <ClInclude Include="WorkWithPotionTableMenuState.h">
      <Filter>Файлы заголовков\MenuStates</Filter>
    </ClInclude>
    <ClInclude Include="UserInterface.h">
      <Filter>Файлы заголовков\Interfaces</Filter>
    </ClInclude>
    <ClInclude Include="AlchemicalUserInterface.h">
      <Filter>Файлы заголовков\Interfaces</Filter>
    </ClInclude>
    <ClInclude Include="BinaryReader.h">
      <Filter>Файлы заголовков\BinaryReaders</Filter>
    </ClInclude>
    <ClInclude Include="AlchemistBinaryReader.h">
      <Filter>Файлы заголовков\BinaryReaders</Filter>
    </ClInclude>
    <ClInclude Include="AlchemyLogicReader.h">
      <Filter>Файлы заголовков\BinaryReaders</Filter>
    </ClInclude>
    <ClInclude Include="EffectBinaryReader.h">
      <Filter>Файлы заголовков\BinaryReaders</Filter>
    </ClInclude>
    <ClInclude Include="EffectsTableBinaryReader.h">
      <Filter>Файлы заголовков\BinaryReaders</Filter>
    </ClInclude>
    <ClInclude Include="IngredientBinaryReader.h">
      <Filter>Файлы заголовков\BinaryReaders</Filter>
    </ClInclude>
    <ClInclude Include="IngredientsTableBinaryReader.h">
      <Filter>Файлы заголовков\BinaryReaders</Filter>
    </ClInclude>
    <ClInclude Include="PotionBinaryReader.h">
      <Filter>Файлы заголовков\BinaryReaders</Filter>
    </ClInclude>
    <ClInclude Include="PotionTableBinaryReader.h">
      <Filter>Файлы заголовков\BinaryReaders</Filter>
    </ClInclude>
    <ClInclude Include="BinaryWriter.h">
      <Filter>Файлы заголовков\BinaryWriters</Filter>
    </ClInclude>
    <ClInclude Include="AlchemistBinaryWriter.h">
      <Filter>Файлы заголовков\BinaryWriters</Filter>
    </ClInclude>
    <ClInclude Include="AlchemyLogicWriter.h">
      <Filter>Файлы заголовков\BinaryWriters</Filter>
    </ClInclude>
    <ClInclude Include="EffectBinaryWriter.h">
      <Filter>Файлы заголовков\BinaryWriters</Filter>
    </ClInclude>
    <ClInclude Include="EffectsTableBinaryWriter.h">
      <Filter>Файлы заголовков\BinaryWriters</Filter>
    </ClInclude>
    <ClInclude Include="IngredientBinaryWriter.h">
      <Filter>Файлы заголовков\BinaryWriters</Filter>
    </ClInclude>
    <ClInclude Include="IngredientsTableBinaryWriter.h">
      <Filter>Файлы заголовков\BinaryWriters</Filter>
    </ClInclude>
    <ClInclude Include="PotionBinaryWriter.h">
      <Filter>Файлы заголовков\BinaryWriters</Filter>
    </ClInclude>
    <ClInclude Include="PotionTableBinaryWriter.h">
      <Filter>Файлы заголовков\BinaryWriters</Filter>
    </ClInclude>
    <ClInclude Include="Table.h">
      <Filter>Файлы заголовков\Tables</Filter>
    </ClInclude>
    <ClInclude Include="EffectsTable.h">
      <Filter>Файлы заголовков\Tables</Filter>
    </ClInclude>
    <ClInclude Include="IngredientsTable.h">
      <Filter>Файлы заголовков\Tables</Filter>
    </ClInclude>
    <ClInclude Include="PotionTable.h">
      <Filter>Файлы заголовков\Tables</Filter>
    </ClInclude>
    <ClInclude Include="TablePrinter.h">
      <Filter>Файлы заголовков\TablePrinters</Filter>
    </ClInclude>
    <ClInclude Include="IngredientsTablePrinter.h">
      <Filter>Файлы заголовков\TablePrinters</Filter>
    </ClInclude>
    <ClInclude Include="PotionTablePrinter.h">
      <Filter>Файлы заголовков\TablePrinters</Filter>
    </ClInclude>
  </ItemGroup>
</Project>